
Microsoft Visual Studio Solution File, Format Version 12.00
# Visual Studio Version 16
VisualStudioVersion = 16.0.31205.134
MinimumVisualStudioVersion = 10.0.40219.1
Project("{9A19103F-16F7-4668-BE54-9A1E7A4F7556}") = "WillaqTec.EbillingService", "WillaqTec.EbillingService\WillaqTec.EbillingService.csproj", "{9AA3A499-0848-40CF-AF07-DE92BB734BEF}"
EndProject
Project("{9A19103F-16F7-4668-BE54-9A1E7A4F7556}") = "WillaqTec.BusinessLayer", "WillaqTec.BusinessLayer\WillaqTec.BusinessLayer.csproj", "{4EAB948F-CD5C-4F44-9A3B-D5D3A4ED11D3}"
EndProject
Project("{9A19103F-16F7-4668-BE54-9A1E7A4F7556}") = "WillaqTec.DataLayer", "WillaqTec.DataLayer\WillaqTec.DataLayer.csproj", "{14ECE32A-66D6-41E5-87C6-FCD4F8117867}"
EndProject
Project("{9A19103F-16F7-4668-BE54-9A1E7A4F7556}") = "WillaqTec.EntityLayer", "WillaqTec.EntityLayer\WillaqTec.EntityLayer.csproj", "{A6415E61-000E-4A36-B588-372FA381BC81}"
EndProject
Project("{9A19103F-16F7-4668-BE54-9A1E7A4F7556}") = "WillaqTec.Utilitarian", "WillaqTec.Utilitarian\WillaqTec.Utilitarian.csproj", "{8CDDF64A-F0C4-4E7B-99C5-00CA6B96288B}"
EndProject
Global
	GlobalSection(SolutionConfigurationPlatforms) = preSolution
		Debug|Any CPU = Debug|Any CPU
		Release|Any CPU = Release|Any CPU
	EndGlobalSection
	GlobalSection(ProjectConfigurationPlatforms) = postSolution
		{9AA3A499-0848-40CF-AF07-DE92BB734BEF}.Debug|Any CPU.ActiveCfg = Debug|Any CPU
		{9AA3A499-0848-40CF-AF07-DE92BB734BEF}.Debug|Any CPU.Build.0 = Debug|Any CPU
		{9AA3A499-0848-40CF-AF07-DE92BB734BEF}.Release|Any CPU.ActiveCfg = Release|Any CPU
		{9AA3A499-0848-40CF-AF07-DE92BB734BEF}.Release|Any CPU.Build.0 = Release|Any CPU
		{4EAB948F-CD5C-4F44-9A3B-D5D3A4ED11D3}.Debug|Any CPU.ActiveCfg = Debug|Any CPU
		{4EAB948F-CD5C-4F44-9A3B-D5D3A4ED11D3}.Debug|Any CPU.Build.0 = Debug|Any CPU
		{4EAB948F-CD5C-4F44-9A3B-D5D3A4ED11D3}.Release|Any CPU.ActiveCfg = Release|Any CPU
		{4EAB948F-CD5C-4F44-9A3B-D5D3A4ED11D3}.Release|Any CPU.Build.0 = Release|Any CPU
		{14ECE32A-66D6-41E5-87C6-FCD4F8117867}.Debug|Any CPU.ActiveCfg = Debug|Any CPU
		{14ECE32A-66D6-41E5-87C6-FCD4F8117867}.Debug|Any CPU.Build.0 = Debug|Any CPU
		{14ECE32A-66D6-41E5-87C6-FCD4F8117867}.Release|Any CPU.ActiveCfg = Release|Any CPU
		{14ECE32A-66D6-41E5-87C6-FCD4F8117867}.Release|Any CPU.Build.0 = Release|Any CPU
		{A6415E61-000E-4A36-B588-372FA381BC81}.Debug|Any CPU.ActiveCfg = Debug|Any CPU
		{A6415E61-000E-4A36-B588-372FA381BC81}.Debug|Any CPU.Build.0 = Debug|Any CPU
		{A6415E61-000E-4A36-B588-372FA381BC81}.Release|Any CPU.ActiveCfg = Release|Any CPU
		{A6415E61-000E-4A36-B588-372FA381BC81}.Release|Any CPU.Build.0 = Release|Any CPU
		{8CDDF64A-F0C4-4E7B-99C5-00CA6B96288B}.Debug|Any CPU.ActiveCfg = Debug|Any CPU
		{8CDDF64A-F0C4-4E7B-99C5-00CA6B96288B}.Debug|Any CPU.Build.0 = Debug|Any CPU
		{8CDDF64A-F0C4-4E7B-99C5-00CA6B96288B}.Release|Any CPU.ActiveCfg = Release|Any CPU
		{8CDDF64A-F0C4-4E7B-99C5-00CA6B96288B}.Release|Any CPU.Build.0 = Release|Any CPU
	EndGlobalSection
	GlobalSection(SolutionProperties) = preSolution
		HideSolutionNode = FALSE
	EndGlobalSection
	GlobalSection(ExtensibilityGlobals) = postSolution
		SolutionGuid = {199F3908-B927-4F97-A000-C53C75DDF737}
	EndGlobalSection
EndGlobal
